# THIS IS AN AUTOGENERATED FILE. DO NOT EDIT THIS FILE DIRECTLY.
# yarn lockfile v1


scipy@^0.1.4:
  version "0.1.4"
  resolved "https://registry.yarnpkg.com/scipy/-/scipy-0.1.4.tgz#371bd1871249aeebe9505a827e2f92fe2e7e5bbb"
  integrity sha512-ncZZUHzI3duTvec2MxyPBhS2CCXUajZEsaNUqa9FV865tRyxQOt15zOtL+eAlvIax5BS1QGwYC7RXrpgpsPxWg==
